Microsoft Visual Studio Solution File, Format Version 12.00
# Visual Studio 2012
Project("{FAE04EC0-301F-11D3-BF4B-00C04F79EFBC}") = "houlatrack-display", "houlatrack-display.csproj", "{0E4C2C0A-6B57-4A55-9565-7F2F5B8A1DB5}"
EndProject
Global
	GlobalSection(SolutionConfigurationPlatforms) = preSolution
	Debug|Any CPU = Debug|Any CPU
	ExportDebug|Any CPU = ExportDebug|Any CPU
	ExportRelease|Any CPU = ExportRelease|Any CPU
	EndGlobalSection
	GlobalSection(ProjectConfigurationPlatforms) = postSolution
		{0E4C2C0A-6B57-4A55-9565-7F2F5B8A1DB5}.Debug|Any CPU.ActiveCfg = Debug|Any CPU
		{0E4C2C0A-6B57-4A55-9565-7F2F5B8A1DB5}.Debug|Any CPU.Build.0 = Debug|Any CPU
		{0E4C2C0A-6B57-4A55-9565-7F2F5B8A1DB5}.ExportDebug|Any CPU.ActiveCfg = ExportDebug|Any CPU
		{0E4C2C0A-6B57-4A55-9565-7F2F5B8A1DB5}.ExportDebug|Any CPU.Build.0 = ExportDebug|Any CPU
		{0E4C2C0A-6B57-4A55-9565-7F2F5B8A1DB5}.ExportRelease|Any CPU.ActiveCfg = ExportRelease|Any CPU
		{0E4C2C0A-6B57-4A55-9565-7F2F5B8A1DB5}.ExportRelease|Any CPU.Build.0 = ExportRelease|Any CPU
	EndGlobalSection
EndGlobal
